// !$*UTF8*$!
{
	archiveVersion = 1;
	classes = {
	};
	objectVersion = 50;
	objects = {

/* Begin PBXBuildFile section */
		31075F3023B0D47D00285780 /* AppDelegate.swift in Sources */ = {isa = PBXBuildFile; fileRef = 31075F2F23B0D47D00285780 /* AppDelegate.swift */; };
		31075F3223B0D47D00285780 /* SceneDelegate.swift in Sources */ = {isa = PBXBuildFile; fileRef = 31075F3123B0D47D00285780 /* SceneDelegate.swift */; };
		31075F3423B0D47D00285780 /* ViewController.swift in Sources */ = {isa = PBXBuildFile; fileRef = 31075F3323B0D47D00285780 /* ViewController.swift */; };
		31075F3723B0D47D00285780 /* Main.storyboard in Resources */ = {isa = PBXBuildFile; fileRef = 31075F3523B0D47D00285780 /* Main.storyboard */; };
		31075F3A23B0D47D00285780 /* TableView1.xcdatamodeld in Sources */ = {isa = PBXBuildFile; fileRef = 31075F3823B0D47D00285780 /* TableView1.xcdatamodeld */; };
		31075F3C23B0D47F00285780 /* Assets.xcassets in Resources */ = {isa = PBXBuildFile; fileRef = 31075F3B23B0D47F00285780 /* Assets.xcassets */; };
		31075F3F23B0D47F00285780 /* LaunchScreen.storyboard in Resources */ = {isa = PBXBuildFile; fileRef = 31075F3D23B0D47F00285780 /* LaunchScreen.storyboard */; };
		31075F4A23B0D47F00285780 /* TableView1Tests.swift in Sources */ = {isa = PBXBuildFile; fileRef = 31075F4923B0D47F00285780 /* TableView1Tests.swift */; };
		31075F5523B0D47F00285780 /* TableView1UITests.swift in Sources */ = {isa = PBXBuildFile; fileRef = 31075F5423B0D47F00285780 /* TableView1UITests.swift */; };
		31075F6323B0D57E00285780 /* TableViewController.swift in Sources */ = {isa = PBXBuildFile; fileRef = 31075F6223B0D57E00285780 /* TableViewController.swift */; };
		31075F6523B0DAEF00285780 /* DataBaseManager.swift in Sources */ = {isa = PBXBuildFile; fileRef = 31075F6423B0DAEF00285780 /* DataBaseManager.swift */; };
		39BADD863F4EBBFA4E7F1D77 /* Pods_TableView1.framework in Frameworks */ = {isa = PBXBuildFile; fileRef = 53715A75BFFE571B14679416 /* Pods_TableView1.framework */; };
		8B44E0DAB08A11600C1D5ED8 /* Pods_TableView1_TableView1UITests.framework in Frameworks */ = {isa = PBXBuildFile; fileRef = A98179F1035D425F34846683 /* Pods_TableView1_TableView1UITests.framework */; };
		E65F49A309EDCD791F38BE5E /* Pods_TableView1Tests.framework in Frameworks */ = {isa = PBXBuildFile; fileRef = A9B990654D61DF7C0304A37A /* Pods_TableView1Tests.framework */; };
/* End PBXBuildFile section */

/* Begin PBXContainerItemProxy section */
		31075F4623B0D47F00285780 /* PBXContainerItemProxy */ = {
			isa = PBXContainerItemProxy;
			containerPortal = 31075F2423B0D47D00285780 /* Project object */;
			proxyType = 1;
			remoteGlobalIDString = 31075F2B23B0D47D00285780;
			remoteInfo = TableView1;
		};
		31075F5123B0D47F00285780 /* PBXContainerItemProxy */ = {
			isa = PBXContainerItemProxy;
			containerPortal = 31075F2423B0D47D00285780 /* Project object */;
			proxyType = 1;
			remoteGlobalIDString = 31075F2B23B0D47D00285780;
			remoteInfo = TableView1;
		};
/* End PBXContainerItemProxy section */

/* Begin PBXFileReference section */
		0AAB5ACE7981417E426AEF0A /* Pods-TableView1-TableView1UITests.release.xcconfig */ = {isa = PBXFileReference; includeInIndex = 1; lastKnownFileType = text.xcconfig; name = "Pods-TableView1-TableView1UITests.release.xcconfig"; path = "Target Support Files/Pods-TableView1-TableView1UITests/Pods-TableView1-TableView1UITests.release.xcconfig"; sourceTree = "<group>"; };
		3077ED29A29D830FCC113C92 /* Pods-TableView1Tests.release.xcconfig */ = {isa = PBXFileReference; includeInIndex = 1; lastKnownFileType = text.xcconfig; name = "Pods-TableView1Tests.release.xcconfig"; path = "Target Support Files/Pods-TableView1Tests/Pods-TableView1Tests.release.xcconfig"; sourceTree = "<group>"; };
		31075F2C23B0D47D00285780 /* TableView1.app */ = {isa = PBXFileReference; explicitFileType = wrapper.application; includeInIndex = 0; path = TableView1.app; sourceTree = BUILT_PRODUCTS_DIR; };
		31075F2F23B0D47D00285780 /* AppDelegate.swift */ = {isa = PBXFileReference; lastKnownFileType = sourcecode.swift; path = AppDelegate.swift; sourceTree = "<group>"; };
		31075F3123B0D47D00285780 /* SceneDelegate.swift */ = {isa = PBXFileReference; lastKnownFileType = sourcecode.swift; path = SceneDelegate.swift; sourceTree = "<group>"; };
		31075F3323B0D47D00285780 /* ViewController.swift */ = {isa = PBXFileReference; lastKnownFileType = sourcecode.swift; path = ViewController.swift; sourceTree = "<group>"; };
		31075F3623B0D47D00285780 /* Base */ = {isa = PBXFileReference; lastKnownFileType = file.storyboard; name = Base; path = Base.lproj/Main.storyboard; sourceTree = "<group>"; };
		31075F3923B0D47D00285780 /* TableView1.xcdatamodel */ = {isa = PBXFileReference; lastKnownFileType = wrapper.xcdatamodel; path = TableView1.xcdatamodel; sourceTree = "<group>"; };
		31075F3B23B0D47F00285780 /* Assets.xcassets */ = {isa = PBXFileReference; lastKnownFileType = folder.assetcatalog; path = Assets.xcassets; sourceTree = "<group>"; };
		31075F3E23B0D47F00285780 /* Base */ = {isa = PBXFileReference; lastKnownFileType = file.storyboard; name = Base; path = Base.lproj/LaunchScreen.storyboard; sourceTree = "<group>"; };
		31075F4023B0D47F00285780 /* Info.plist */ = {isa = PBXFileReference; lastKnownFileType = text.plist.xml; path = Info.plist; sourceTree = "<group>"; };
		31075F4523B0D47F00285780 /* TableView1Tests.xctest */ = {isa = PBXFileReference; explicitFileType = wrapper.cfbundle; includeInIndex = 0; path = TableView1Tests.xctest; sourceTree = BUILT_PRODUCTS_DIR; };
		31075F4923B0D47F00285780 /* TableView1Tests.swift */ = {isa = PBXFileReference; lastKnownFileType = sourcecode.swift; path = TableView1Tests.swift; sourceTree = "<group>"; };
		31075F4B23B0D47F00285780 /* Info.plist */ = {isa = PBXFileReference; lastKnownFileType = text.plist.xml; path = Info.plist; sourceTree = "<group>"; };
		31075F5023B0D47F00285780 /* TableView1UITests.xctest */ = {isa = PBXFileReference; explicitFileType = wrapper.cfbundle; includeInIndex = 0; path = TableView1UITests.xctest; sourceTree = BUILT_PRODUCTS_DIR; };
		31075F5423B0D47F00285780 /* TableView1UITests.swift */ = {isa = PBXFileReference; lastKnownFileType = sourcecode.swift; path = TableView1UITests.swift; sourceTree = "<group>"; };
		31075F5623B0D47F00285780 /* Info.plist */ = {isa = PBXFileReference; lastKnownFileType = text.plist.xml; path = Info.plist; sourceTree = "<group>"; };
		31075F6223B0D57E00285780 /* TableViewController.swift */ = {isa = PBXFileReference; lastKnownFileType = sourcecode.swift; path = TableViewController.swift; sourceTree = "<group>"; };
		31075F6423B0DAEF00285780 /* DataBaseManager.swift */ = {isa = PBXFileReference; lastKnownFileType = sourcecode.swift; path = DataBaseManager.swift; sourceTree = "<group>"; };
		426F52E45FE66990EA40381E /* Pods-TableView1Tests.debug.xcconfig */ = {isa = PBXFileReference; includeInIndex = 1; lastKnownFileType = text.xcconfig; name = "Pods-TableView1Tests.debug.xcconfig"; path = "Target Support Files/Pods-TableView1Tests/Pods-TableView1Tests.debug.xcconfig"; sourceTree = "<group>"; };
		53715A75BFFE571B14679416 /* Pods_TableView1.framework */ = {isa = PBXFileReference; explicitFileType = wrapper.framework; includeInIndex = 0; path = Pods_TableView1.framework; sourceTree = BUILT_PRODUCTS_DIR; };
		87B3E206899A56C9BFCA4BC2 /* Pods-TableView1-TableView1UITests.debug.xcconfig */ = {isa = PBXFileReference; includeInIndex = 1; lastKnownFileType = text.xcconfig; name = "Pods-TableView1-TableView1UITests.debug.xcconfig"; path = "Target Support Files/Pods-TableView1-TableView1UITests/Pods-TableView1-TableView1UITests.debug.xcconfig"; sourceTree = "<group>"; };
		A98179F1035D425F34846683 /* Pods_TableView1_TableView1UITests.framework */ = {isa = PBXFileReference; explicitFileType = wrapper.framework; includeInIndex = 0; path = Pods_TableView1_TableView1UITests.framework; sourceTree = BUILT_PRODUCTS_DIR; };
		A9B990654D61DF7C0304A37A /* Pods_TableView1Tests.framework */ = {isa = PBXFileReference; explicitFileType = wrapper.framework; includeInIndex = 0; path = Pods_TableView1Tests.framework; sourceTree = BUILT_PRODUCTS_DIR; };
		AD3EED4C4E1B9CE0D1E4F4DD /* Pods-TableView1.release.xcconfig */ = {isa = PBXFileReference; includeInIndex = 1; lastKnownFileType = text.xcconfig; name = "Pods-TableView1.release.xcconfig"; path = "Target Support Files/Pods-TableView1/Pods-TableView1.release.xcconfig"; sourceTree = "<group>"; };
		BE02EDED6DA881CAAE331D2F /* Pods-TableView1.debug.xcconfig */ = {isa = PBXFileReference; includeInIndex = 1; lastKnownFileType = text.xcconfig; name = "Pods-TableView1.debug.xcconfig"; path = "Target Support Files/Pods-TableView1/Pods-TableView1.debug.xcconfig"; sourceTree = "<group>"; };
/* End PBXFileReference section */

/* Begin PBXFrameworksBuildPhase section */
		31075F2923B0D47D00285780 /* Frameworks */ = {
			isa = PBXFrameworksBuildPhase;
			buildActionMask = 2147483647;
			files = (
				39BADD863F4EBBFA4E7F1D77 /* Pods_TableView1.framework in Frameworks */,
			);
			runOnlyForDeploymentPostprocessing = 0;
		};
		31075F4223B0D47F00285780 /* Frameworks */ = {
			isa = PBXFrameworksBuildPhase;
			buildActionMask = 2147483647;
			files = (
				E65F49A309EDCD791F38BE5E /* Pods_TableView1Tests.framework in Frameworks */,
			);
			runOnlyForDeploymentPostprocessing = 0;
		};
		31075F4D23B0D47F00285780 /* Frameworks */ = {
			isa = PBXFrameworksBuildPhase;
			buildActionMask = 2147483647;
			files = (
				8B44E0DAB08A11600C1D5ED8 /* Pods_TableView1_TableView1UITests.framework in Frameworks */,
			);
			runOnlyForDeploymentPostprocessing = 0;
		};
/* End PBXFrameworksBuildPhase section */

/* Begin PBXGroup section */
		31075F2323B0D47D00285780 = {
			isa = PBXGroup;
			children = (
				31075F2E23B0D47D00285780 /* TableView1 */,
				31075F4823B0D47F00285780 /* TableView1Tests */,
				31075F5323B0D47F00285780 /* TableView1UITests */,
				31075F2D23B0D47D00285780 /* Products */,
				7E736BBE307FC405E1263270 /* Pods */,
				9E112A85B2C2AD8800B5DB8C /* Frameworks */,
			);
			sourceTree = "<group>";
		};
		31075F2D23B0D47D00285780 /* Products */ = {
			isa = PBXGroup;
			children = (
				31075F2C23B0D47D00285780 /* TableView1.app */,
				31075F4523B0D47F00285780 /* TableView1Tests.xctest */,
				31075F5023B0D47F00285780 /* TableView1UITests.xctest */,
			);
			name = Products;
			sourceTree = "<group>";
		};
		31075F2E23B0D47D00285780 /* TableView1 */ = {
			isa = PBXGroup;
			children = (
				31075F2F23B0D47D00285780 /* AppDelegate.swift */,
				31075F3123B0D47D00285780 /* SceneDelegate.swift */,
				31075F3323B0D47D00285780 /* ViewController.swift */,
				31075F6223B0D57E00285780 /* TableViewController.swift */,
				31075F6423B0DAEF00285780 /* DataBaseManager.swift */,
				31075F3523B0D47D00285780 /* Main.storyboard */,
				31075F3B23B0D47F00285780 /* Assets.xcassets */,
				31075F3D23B0D47F00285780 /* LaunchScreen.storyboard */,
				31075F4023B0D47F00285780 /* Info.plist */,
				31075F3823B0D47D00285780 /* TableView1.xcdatamodeld */,
			);
			path = TableView1;
			sourceTree = "<group>";
		};
		31075F4823B0D47F00285780 /* TableView1Tests */ = {
			isa = PBXGroup;
			children = (
				31075F4923B0D47F00285780 /* TableView1Tests.swift */,
				31075F4B23B0D47F00285780 /* Info.plist */,
			);
			path = TableView1Tests;
			sourceTree = "<group>";
		};
		31075F5323B0D47F00285780 /* TableView1UITests */ = {
			isa = PBXGroup;
			children = (
				31075F5423B0D47F00285780 /* TableView1UITests.swift */,
				31075F5623B0D47F00285780 /* Info.plist */,
			);
			path = TableView1UITests;
			sourceTree = "<group>";
		};
		7E736BBE307FC405E1263270 /* Pods */ = {
			isa = PBXGroup;
			children = (
				BE02EDED6DA881CAAE331D2F /* Pods-TableView1.debug.xcconfig */,
				AD3EED4C4E1B9CE0D1E4F4DD /* Pods-TableView1.release.xcconfig */,
				87B3E206899A56C9BFCA4BC2 /* Pods-TableView1-TableView1UITests.debug.xcconfig */,
				0AAB5ACE7981417E426AEF0A /* Pods-TableView1-TableView1UITests.release.xcconfig */,
				426F52E45FE66990EA40381E /* Pods-TableView1Tests.debug.xcconfig */,
				3077ED29A29D830FCC113C92 /* Pods-TableView1Tests.release.xcconfig */,
			);
			name = Pods;
			path = Pods;
			sourceTree = "<group>";
		};
		9E112A85B2C2AD8800B5DB8C /* Frameworks */ = {
			isa = PBXGroup;
			children = (
				53715A75BFFE571B14679416 /* Pods_TableView1.framework */,
				A98179F1035D425F34846683 /* Pods_TableView1_TableView1UITests.framework */,
				A9B990654D61DF7C0304A37A /* Pods_TableView1Tests.framework */,
			);
			name = Frameworks;
			sourceTree = "<group>";
		};
/* End PBXGroup section */

/* Begin PBXNativeTarget section */
		31075F2B23B0D47D00285780 /* TableView1 */ = {
			isa = PBXNativeTarget;
			buildConfigurationList = 31075F5923B0D47F00285780 /* Build configuration list for PBXNativeTarget "TableView1" */;
			buildPhases = (
				A4DB7A2EF12C1A3799D1F153 /* [CP] Check Pods Manifest.lock */,
				31075F2823B0D47D00285780 /* Sources */,
				31075F2923B0D47D00285780 /* Frameworks */,
				31075F2A23B0D47D00285780 /* Resources */,
				EF522065E4B5D78A7D2FFE24 /* [CP] Embed Pods Frameworks */,
			);
			buildRules = (
			);
			dependencies = (
			);
			name = TableView1;
			productName = TableView1;
			productReference = 31075F2C23B0D47D00285780 /* TableView1.app */;
			productType = "com.apple.product-type.application";
		};
		31075F4423B0D47F00285780 /* TableView1Tests */ = {
			isa = PBXNativeTarget;
			buildConfigurationList = 31075F5C23B0D47F00285780 /* Build configuration list for PBXNativeTarget "TableView1Tests" */;
			buildPhases = (
				1C280C967234F7F72D1D6407 /* [CP] Check Pods Manifest.lock */,
				31075F4123B0D47F00285780 /* Sources */,
				31075F4223B0D47F00285780 /* Frameworks */,
				31075F4323B0D47F00285780 /* Resources */,
			);
			buildRules = (
			);
			dependencies = (
				31075F4723B0D47F00285780 /* PBXTargetDependency */,
			);
			name = TableView1Tests;
			productName = TableView1Tests;
			productReference = 31075F4523B0D47F00285780 /* TableView1Tests.xctest */;
			productType = "com.apple.product-type.bundle.unit-test";
		};
		31075F4F23B0D47F00285780 /* TableView1UITests */ = {
			isa = PBXNativeTarget;
			buildConfigurationList = 31075F5F23B0D47F00285780 /* Build configuration list for PBXNativeTarget "TableView1UITests" */;
			buildPhases = (
				4963C4FAF9B2576DEA62ED1A /* [CP] Check Pods Manifest.lock */,
				31075F4C23B0D47F00285780 /* Sources */,
				31075F4D23B0D47F00285780 /* Frameworks */,
				31075F4E23B0D47F00285780 /* Resources */,
				6F736BDC5B9390322AFF0E17 /* [CP] Embed Pods Frameworks */,
			);
			buildRules = (
			);
			dependencies = (
				31075F5223B0D47F00285780 /* PBXTargetDependency */,
			);
			name = TableView1UITests;
			productName = TableView1UITests;
			productReference = 31075F5023B0D47F00285780 /* TableView1UITests.xctest */;
			productType = "com.apple.product-type.bundle.ui-testing";
		};
/* End PBXNativeTarget section */

/* Begin PBXProject section */
		31075F2423B0D47D00285780 /* Project object */ = {
			isa = PBXProject;
			attributes = {
				LastSwiftUpdateCheck = 1110;
				LastUpgradeCheck = 1110;
				ORGANIZATIONNAME = "R Shantha Kumar";
				TargetAttributes = {
					31075F2B23B0D47D00285780 = {
						CreatedOnToolsVersion = 11.1;
					};
					31075F4423B0D47F00285780 = {
						CreatedOnToolsVersion = 11.1;
						TestTargetID = 31075F2B23B0D47D00285780;
					};
					31075F4F23B0D47F00285780 = {
						CreatedOnToolsVersion = 11.1;
						TestTargetID = 31075F2B23B0D47D00285780;
					};
				};
			};
			buildConfigurationList = 31075F2723B0D47D00285780 /* Build configuration list for PBXProject "TableView1" */;
			compatibilityVersion = "Xcode 9.3";
			developmentRegion = en;
			hasScannedForEncodings = 0;
			knownRegions = (
				en,
				Base,
			);
			mainGroup = 31075F2323B0D47D00285780;
			productRefGroup = 31075F2D23B0D47D00285780 /* Products */;
			projectDirPath = "";
			projectRoot = "";
			targets = (
				31075F2B23B0D47D00285780 /* TableView1 */,
				31075F4423B0D47F00285780 /* TableView1Tests */,
				31075F4F23B0D47F00285780 /* TableView1UITests */,
			);
		};
/* End PBXProject section */

/* Begin PBXResourcesBuildPhase section */
		31075F2A23B0D47D00285780 /* Resources */ = {
			isa = PBXResourcesBuildPhase;
			buildActionMask = 2147483647;
			files = (
				31075F3F23B0D47F00285780 /* LaunchScreen.storyboard in Resources */,
				31075F3C23B0D47F00285780 /* Assets.xcassets in Resources */,
				31075F3723B0D47D00285780 /* Main.storyboard in Resources */,
			);
			runOnlyForDeploymentPostprocessing = 0;
		};
		31075F4323B0D47F00285780 /* Resources */ = {
			isa = PBXResourcesBuildPhase;
			buildActionMask = 2147483647;
			files = (
			);
			runOnlyForDeploymentPostprocessing = 0;
		};
		31075F4E23B0D47F00285780 /* Resources */ = {
			isa = PBXResourcesBuildPhase;
			buildActionMask = 2147483647;
			files = (
			);
			runOnlyForDeploymentPostprocessing = 0;
		};
/* End PBXResourcesBuildPhase section */

/* Begin PBXShellScriptBuildPhase section */
		1C280C967234F7F72D1D6407 /* [CP] Check Pods Manifest.lock */ = {
			isa = PBXShellScriptBuildPhase;
			buildActionMask = 2147483647;
			files = (
			);
			inputFileListPaths = (
			);
			inputPaths = (
				"${PODS_PODFILE_DIR_PATH}/Podfile.lock",
				"${PODS_ROOT}/Manifest.lock",
			);
			name = "[CP] Check Pods Manifest.lock";
			outputFileListPaths = (
			);
			outputPaths = (
				"$(DERIVED_FILE_DIR)/Pods-TableView1Tests-checkManifestLockResult.txt",
			);
			runOnlyForDeploymentPostprocessing = 0;
			shellPath = /bin/sh;
			shellScript = "diff \"${PODS_PODFILE_DIR_PATH}/Podfile.lock\" \"${PODS_ROOT}/Manifest.lock\" > /dev/null\nif [ $? != 0 ] ; then\n    # print error to STDERR\n    echo \"error: The sandbox is not in sync with the Podfile.lock. Run 'pod install' or update your CocoaPods installation.\" >&2\n    exit 1\nfi\n# This output is used by Xcode 'outputs' to avoid re-running this script phase.\necho \"SUCCESS\" > \"${SCRIPT_OUTPUT_FILE_0}\"\n";
			showEnvVarsInLog = 0;
		};
		4963C4FAF9B2576DEA62ED1A /* [CP] Check Pods Manifest.lock */ = {
			isa = PBXShellScriptBuildPhase;
			buildActionMask = 2147483647;
			files = (
			);
			inputFileListPaths = (
			);
			inputPaths = (
				"${PODS_PODFILE_DIR_PATH}/Podfile.lock",
				"${PODS_ROOT}/Manifest.lock",
			);
			name = "[CP] Check Pods Manifest.lock";
			outputFileListPaths = (
			);
			outputPaths = (
				"$(DERIVED_FILE_DIR)/Pods-TableView1-TableView1UITests-checkManifestLockResult.txt",
			);
			runOnlyForDeploymentPostprocessing = 0;
			shellPath = /bin/sh;
			shellScript = "diff \"${PODS_PODFILE_DIR_PATH}/Podfile.lock\" \"${PODS_ROOT}/Manifest.lock\" > /dev/null\nif [ $? != 0 ] ; then\n    # print error to STDERR\n    echo \"error: The sandbox is not in sync with the Podfile.lock. Run 'pod install' or update your CocoaPods installation.\" >&2\n    exit 1\nfi\n# This output is used by Xcode 'outputs' to avoid re-running this script phase.\necho \"SUCCESS\" > \"${SCRIPT_OUTPUT_FILE_0}\"\n";
			showEnvVarsInLog = 0;
		};
		6F736BDC5B9390322AFF0E17 /* [CP] Embed Pods Frameworks */ = {
			isa = PBXShellScriptBuildPhase;
			buildActionMask = 2147483647;
			files = (
			);
			inputFileListPaths = (
				"${PODS_ROOT}/Target Support Files/Pods-TableView1-TableView1UITests/Pods-TableView1-TableView1UITests-frameworks-${CONFIGURATION}-input-files.xcfilelist",
			);
			name = "[CP] Embed Pods Frameworks";
			outputFileListPaths = (
				"${PODS_ROOT}/Target Support Files/Pods-TableView1-TableView1UITests/Pods-TableView1-TableView1UITests-frameworks-${CONFIGURATION}-output-files.xcfilelist",
			);
			runOnlyForDeploymentPostprocessing = 0;
			shellPath = /bin/sh;
			shellScript = "\"${PODS_ROOT}/Target Support Files/Pods-TableView1-TableView1UITests/Pods-TableView1-TableView1UITests-frameworks.sh\"\n";
			showEnvVarsInLog = 0;
		};
		A4DB7A2EF12C1A3799D1F153 /* [CP] Check Pods Manifest.lock */ = {
			isa = PBXShellScriptBuildPhase;
			buildActionMask = 2147483647;
			files = (
			);
			inputFileListPaths = (
			);
			inputPaths = (
				"${PODS_PODFILE_DIR_PATH}/Podfile.lock",
				"${PODS_ROOT}/Manifest.lock",
			);
			name = "[CP] Check Pods Manifest.lock";
			outputFileListPaths = (
			);
			outputPaths = (
				"$(DERIVED_FILE_DIR)/Pods-TableView1-checkManifestLockResult.txt",
			);
			runOnlyForDeploymentPostprocessing = 0;
			shellPath = /bin/sh;
			shellScript = "diff \"${PODS_PODFILE_DIR_PATH}/Podfile.lock\" \"${PODS_ROOT}/Manifest.lock\" > /dev/null\nif [ $? != 0 ] ; then\n    # print error to STDERR\n    echo \"error: The sandbox is not in sync with the Podfile.lock. Run 'pod install' or update your CocoaPods installation.\" >&2\n    exit 1\nfi\n# This output is used by Xcode 'outputs' to avoid re-running this script phase.\necho \"SUCCESS\" > \"${SCRIPT_OUTPUT_FILE_0}\"\n";
			showEnvVarsInLog = 0;
		};
		EF522065E4B5D78A7D2FFE24 /* [CP] Embed Pods Frameworks */ = {
			isa = PBXShellScriptBuildPhase;
			buildActionMask = 2147483647;
			files = (
			);
			inputFileListPaths = (
				"${PODS_ROOT}/Target Support Files/Pods-TableView1/Pods-TableView1-frameworks-${CONFIGURATION}-input-files.xcfilelist",
			);
			name = "[CP] Embed Pods Frameworks";
			outputFileListPaths = (
				"${PODS_ROOT}/Target Support Files/Pods-TableView1/Pods-TableView1-frameworks-${CONFIGURATION}-output-files.xcfilelist",
			);
			runOnlyForDeploymentPostprocessing = 0;
			shellPath = /bin/sh;
			shellScript = "\"${PODS_ROOT}/Target Support Files/Pods-TableView1/Pods-TableView1-frameworks.sh\"\n";
			showEnvVarsInLog = 0;
		};
/* End PBXShellScriptBuildPhase section */

/* Begin PBXSourcesBuildPhase section */
		31075F2823B0D47D00285780 /* Sources */ = {
			isa = PBXSourcesBuildPhase;
			buildActionMask = 2147483647;
			files = (
				31075F3423B0D47D00285780 /* ViewController.swift in Sources */,
				31075F3023B0D47D00285780 /* AppDelegate.swift in Sources */,
				31075F3223B0D47D00285780 /* SceneDelegate.swift in Sources */,
				31075F6323B0D57E00285780 /* TableViewController.swift in Sources */,
				31075F6523B0DAEF00285780 /* DataBaseManager.swift in Sources */,
				31075F3A23B0D47D00285780 /* TableView1.xcdatamodeld in Sources */,
			);
			runOnlyForDeploymentPostprocessing = 0;
		};
		31075F4123B0D47F00285780 /* Sources */ = {
			isa = PBXSourcesBuildPhase;
			buildActionMask = 2147483647;
			files = (
				31075F4A23B0D47F00285780 /* TableView1Tests.swift in Sources */,
			);
			runOnlyForDeploymentPostprocessing = 0;
		};
		31075F4C23B0D47F00285780 /* Sources */ = {
			isa = PBXSourcesBuildPhase;
			buildActionMask = 2147483647;
			files = (
				31075F5523B0D47F00285780 /* TableView1UITests.swift in Sources */,
			);
			runOnlyForDeploymentPostprocessing = 0;
		};
/* End PBXSourcesBuildPhase section */

/* Begin PBXTargetDependency section */
		31075F4723B0D47F00285780 /* PBXTargetDependency */ = {
			isa = PBXTargetDependency;
			target = 31075F2B23B0D47D00285780 /* TableView1 */;
			targetProxy = 31075F4623B0D47F00285780 /* PBXContainerItemProxy */;
		};
		31075F5223B0D47F00285780 /* PBXTargetDependency */ = {
			isa = PBXTargetDependency;
			target = 31075F2B23B0D47D00285780 /* TableView1 */;
			targetProxy = 31075F5123B0D47F00285780 /* PBXContainerItemProxy */;
		};
/* End PBXTargetDependency section */

/* Begin PBXVariantGroup section */
		31075F3523B0D47D00285780 /* Main.storyboard */ = {
			isa = PBXVariantGroup;
			children = (
				31075F3623B0D47D00285780 /* Base */,
			);
			name = Main.storyboard;
			sourceTree = "<group>";
		};
		31075F3D23B0D47F00285780 /* LaunchScreen.storyboard */ = {
			isa = PBXVariantGroup;
			children = (
				31075F3E23B0D47F00285780 /* Base */,
			);
			name = LaunchScreen.storyboard;
			sourceTree = "<group>";
		};
/* End PBXVariantGroup section */

/* Begin XCBuildConfiguration section */
		31075F5723B0D47F00285780 /* Debug */ = {
			isa = XCBuildConfiguration;
			buildSettings = {
				ALWAYS_SEARCH_USER_PATHS = NO;
				CLANG_ANALYZER_NONNULL = YES;
				CLANG_ANALYZER_NUMBER_OBJECT_CONVERSION = YES_AGGRESSIVE;
				CLANG_CXX_LANGUAGE_STANDARD = "gnu++14";
				CLANG_CXX_LIBRARY = "libc++";
				CLANG_ENABLE_MODULES = YES;
				CLANG_ENABLE_OBJC_ARC = YES;
				CLANG_ENABLE_OBJC_WEAK = YES;
				CLANG_WARN_BLOCK_CAPTURE_AUTORELEASING = YES;
				CLANG_WARN_BOOL_CONVERSION = YES;
				CLANG_WARN_COMMA = YES;
				CLANG_WARN_CONSTANT_CONVERSION = YES;
				CLANG_WARN_DEPRECATED_OBJC_IMPLEMENTATIONS = YES;
				CLANG_WARN_DIRECT_OBJC_ISA_USAGE = YES_ERROR;
				CLANG_WARN_DOCUMENTATION_COMMENTS = YES;
				CLANG_WARN_EMPTY_BODY = YES;
				CLANG_WARN_ENUM_CONVERSION = YES;
				CLANG_WARN_INFINITE_RECURSION = YES;
				CLANG_WARN_INT_CONVERSION = YES;
				CLANG_WARN_NON_LITERAL_NULL_CONVERSION = YES;
				CLANG_WARN_OBJC_IMPLICIT_RETAIN_SELF = YES;
				CLANG_WARN_OBJC_LITERAL_CONVERSION = YES;
				CLANG_WARN_OBJC_ROOT_CLASS = YES_ERROR;
				CLANG_WARN_RANGE_LOOP_ANALYSIS = YES;
				CLANG_WARN_STRICT_PROTOTYPES = YES;
				CLANG_WARN_SUSPICIOUS_MOVE = YES;
				CLANG_WARN_UNGUARDED_AVAILABILITY = YES_AGGRESSIVE;
				CLANG_WARN_UNREACHABLE_CODE = YES;
				CLANG_WARN__DUPLICATE_METHOD_MATCH = YES;
				COPY_PHASE_STRIP = NO;
				DEBUG_INFORMATION_FORMAT = dwarf;
				ENABLE_STRICT_OBJC_MSGSEND = YES;
				ENABLE_TESTABILITY = YES;
				GCC_C_LANGUAGE_STANDARD = gnu11;
				GCC_DYNAMIC_NO_PIC = NO;
				GCC_NO_COMMON_BLOCKS = YES;
				GCC_OPTIMIZATION_LEVEL = 0;
				GCC_PREPROCESSOR_DEFINITIONS = (
					"DEBUG=1",
					"$(inherited)",
				);
				GCC_WARN_64_TO_32_BIT_CONVERSION = YES;
				GCC_WARN_ABOUT_RETURN_TYPE = YES_ERROR;
				GCC_WARN_UNDECLARED_SELECTOR = YES;
				GCC_WARN_UNINITIALIZED_AUTOS = YES_AGGRESSIVE;
				GCC_WARN_UNUSED_FUNCTION = YES;
				GCC_WARN_UNUSED_VARIABLE = YES;
				IPHONEOS_DEPLOYMENT_TARGET = 13.1;
				MTL_ENABLE_DEBUG_INFO = INCLUDE_SOURCE;
				MTL_FAST_MATH = YES;
				ONLY_ACTIVE_ARCH = YES;
				SDKROOT = iphoneos;
				SWIFT_ACTIVE_COMPILATION_CONDITIONS = DEBUG;
				SWIFT_OPTIMIZATION_LEVEL = "-Onone";
			};
			name = Debug;
		};
		31075F5823B0D47F00285780 /* Release */ = {
			isa = XCBuildConfiguration;
			buildSettings = {
				ALWAYS_SEARCH_USER_PATHS = NO;
				CLANG_ANALYZER_NONNULL = YES;
				CLANG_ANALYZER_NUMBER_OBJECT_CONVERSION = YES_AGGRESSIVE;
				CLANG_CXX_LANGUAGE_STANDARD = "gnu++14";
				CLANG_CXX_LIBRARY = "libc++";
				CLANG_ENABLE_MODULES = YES;
				CLANG_ENABLE_OBJC_ARC = YES;
				CLANG_ENABLE_OBJC_WEAK = YES;
				CLANG_WARN_BLOCK_CAPTURE_AUTORELEASING = YES;
				CLANG_WARN_BOOL_CONVERSION = YES;
				CLANG_WARN_COMMA = YES;
				CLANG_WARN_CONSTANT_CONVERSION = YES;
				CLANG_WARN_DEPRECATED_OBJC_IMPLEMENTATIONS = YES;
				CLANG_WARN_DIRECT_OBJC_ISA_USAGE = YES_ERROR;
				CLANG_WARN_DOCUMENTATION_COMMENTS = YES;
				CLANG_WARN_EMPTY_BODY = YES;
				CLANG_WARN_ENUM_CONVERSION = YES;
				CLANG_WARN_INFINITE_RECURSION = YES;
				CLANG_WARN_INT_CONVERSION = YES;
				CLANG_WARN_NON_LITERAL_NULL_CONVERSION = YES;
				CLANG_WARN_OBJC_IMPLICIT_RETAIN_SELF = YES;
				CLANG_WARN_OBJC_LITERAL_CONVERSION = YES;
				CLANG_WARN_OBJC_ROOT_CLASS = YES_ERROR;
				CLANG_WARN_RANGE_LOOP_ANALYSIS = YES;
				CLANG_WARN_STRICT_PROTOTYPES = YES;
				CLANG_WARN_SUSPICIOUS_MOVE = YES;
				CLANG_WARN_UNGUARDED_AVAILABILITY = YES_AGGRESSIVE;
				CLANG_WARN_UNREACHABLE_CODE = YES;
				CLANG_WARN__DUPLICATE_METHOD_MATCH = YES;
				COPY_PHASE_STRIP = NO;
				DEBUG_INFORMATION_FORMAT = "dwarf-with-dsym";
				ENABLE_NS_ASSERTIONS = NO;
				ENABLE_STRICT_OBJC_MSGSEND = YES;
				GCC_C_LANGUAGE_STANDARD = gnu11;
				GCC_NO_COMMON_BLOCKS = YES;
				GCC_WARN_64_TO_32_BIT_CONVERSION = YES;
				GCC_WARN_ABOUT_RETURN_TYPE = YES_ERROR;
				GCC_WARN_UNDECLARED_SELECTOR = YES;
				GCC_WARN_UNINITIALIZED_AUTOS = YES_AGGRESSIVE;
				GCC_WARN_UNUSED_FUNCTION = YES;
				GCC_WARN_UNUSED_VARIABLE = YES;
				IPHONEOS_DEPLOYMENT_TARGET = 13.1;
				MTL_ENABLE_DEBUG_INFO = NO;
				MTL_FAST_MATH = YES;
				SDKROOT = iphoneos;
				SWIFT_COMPILATION_MODE = wholemodule;
				SWIFT_OPTIMIZATION_LEVEL = "-O";
				VALIDATE_PRODUCT = YES;
			};
			name = Release;
		};
		31075F5A23B0D47F00285780 /* Debug */ = {
			isa = XCBuildConfiguration;
			baseConfigurationReference = BE02EDED6DA881CAAE331D2F /* Pods-TableView1.debug.xcconfig */;
			buildSettings = {
				ASSETCATALOG_COMPILER_APPICON_NAME = AppIcon;
				CODE_SIGN_STYLE = Automatic;
				INFOPLIST_FILE = TableView1/Info.plist;
				LD_RUNPATH_SEARCH_PATHS = (
					"$(inherited)",
					"@executable_path/Frameworks",
				);
				PRODUCT_BUNDLE_IDENTIFIER = shanth.TableView1;
				PRODUCT_NAME = "$(TARGET_NAME)";
				SWIFT_VERSION = 5.0;
				TARGETED_DEVICE_FAMILY = "1,2";
			};
			name = Debug;
		};
		31075F5B23B0D47F00285780 /* Release */ = {
			isa = XCBuildConfiguration;
			baseConfigurationReference = AD3EED4C4E1B9CE0D1E4F4DD /* Pods-TableView1.release.xcconfig */;
			buildSettings = {
				ASSETCATALOG_COMPILER_APPICON_NAME = AppIcon;
				CODE_SIGN_STYLE = Automatic;
				INFOPLIST_FILE = TableView1/Info.plist;
				LD_RUNPATH_SEARCH_PATHS = (
					"$(inherited)",
					"@executable_path/Frameworks",
				);
				PRODUCT_BUNDLE_IDENTIFIER = shanth.TableView1;
				PRODUCT_NAME = "$(TARGET_NAME)";
				SWIFT_VERSION = 5.0;
				TARGETED_DEVICE_FAMILY = "1,2";
			};
			name = Release;
		};
		31075F5D23B0D47F00285780 /* Debug */ = {
			isa = XCBuildConfiguration;
			baseConfigurationReference = 426F52E45FE66990EA40381E /* Pods-TableView1Tests.debug.xcconfig */;
			buildSettings = {
				ALWAYS_EMBED_SWIFT_STANDARD_LIBRARIES = YES;
				BUNDLE_LOADER = "$(TEST_HOST)";
				CODE_SIGN_STYLE = Automatic;
				INFOPLIST_FILE = TableView1Tests/Info.plist;
				IPHONEOS_DEPLOYMENT_TARGET = 13.1;
				LD_RUNPATH_SEARCH_PATHS = (
					"$(inherited)",
					"@executable_path/Frameworks",
					"@loader_path/Frameworks",
				);
				PRODUCT_BUNDLE_IDENTIFIER = shanth.TableView1Tests;
				PRODUCT_NAME = "$(TARGET_NAME)";
				SWIFT_VERSION = 5.0;
				TARGETED_DEVICE_FAMILY = "1,2";
				TEST_HOST = "$(BUILT_PRODUCTS_DIR)/TableView1.app/TableView1";
			};
			name = Debug;
		};
		31075F5E23B0D47F00285780 /* Release */ = {
			isa = XCBuildConfiguration;
			baseConfigurationReference = 3077ED29A29D830FCC113C92 /* Pods-TableView1Tests.release.xcconfig */;
			buildSettings = {
				ALWAYS_EMBED_SWIFT_STANDARD_LIBRARIES = YES;
				BUNDLE_LOADER = "$(TEST_HOST)";
				CODE_SIGN_STYLE = Automatic;
				INFOPLIST_FILE = TableView1Tests/Info.plist;
				IPHONEOS_DEPLOYMENT_TARGET = 13.1;
				LD_RUNPATH_SEARCH_PATHS = (
					"$(inherited)",
					"@executable_path/Frameworks",
					"@loader_path/Frameworks",
				);
				PRODUCT_BUNDLE_IDENTIFIER = shanth.TableView1Tests;
				PRODUCT_NAME = "$(TARGET_NAME)";
				SWIFT_VERSION = 5.0;
				TARGETED_DEVICE_FAMILY = "1,2";
				TEST_HOST = "$(BUILT_PRODUCTS_DIR)/TableView1.app/TableView1";
			};
			name = Release;
		};
		31075F6023B0D47F00285780 /* Debug */ = {
			isa = XCBuildConfiguration;
			baseConfigurationReference = 87B3E206899A56C9BFCA4BC2 /* Pods-TableView1-TableView1UITests.debug.xcconfig */;
			buildSettings = {
				ALWAYS_EMBED_SWIFT_STANDARD_LIBRARIES = YES;
				CODE_SIGN_STYLE = Automatic;
				INFOPLIST_FILE = TableView1UITests/Info.plist;
				LD_RUNPATH_SEARCH_PATHS = (
					"$(inherited)",
					"@executable_path/Frameworks",
					"@loader_path/Frameworks",
				);
				PRODUCT_BUNDLE_IDENTIFIER = shanth.TableView1UITests;
				PRODUCT_NAME = "$(TARGET_NAME)";
				SWIFT_VERSION = 5.0;
				TARGETED_DEVICE_FAMILY = "1,2";
				TEST_TARGET_NAME = TableView1;
			};
			name = Debug;
		};
		31075F6123B0D47F00285780 /* Release */ = {
			isa = XCBuildConfiguration;
			baseConfigurationReference = 0AAB5ACE7981417E426AEF0A /* Pods-TableView1-TableView1UITests.release.xcconfig */;
			buildSettings = {
				ALWAYS_EMBED_SWIFT_STANDARD_LIBRARIES = YES;
				CODE_SIGN_STYLE = Automatic;
				INFOPLIST_FILE = TableView1UITests/Info.plist;
				LD_RUNPATH_SEARCH_PATHS = (
					"$(inherited)",
					"@executable_path/Frameworks",
					"@loader_path/Frameworks",
				);
				PRODUCT_BUNDLE_IDENTIFIER = shanth.TableView1UITests;
				PRODUCT_NAME = "$(TARGET_NAME)";
				SWIFT_VERSION = 5.0;
				TARGETED_DEVICE_FAMILY = "1,2";
				TEST_TARGET_NAME = TableView1;
			};
			name = Release;
		};
/* End XCBuildConfiguration section */

/* Begin XCConfigurationList section */
		31075F2723B0D47D00285780 /* Build configuration list for PBXProject "TableView1" */ = {
			isa = XCConfigurationList;
			buildConfigurations = (
				31075F5723B0D47F00285780 /* Debug */,
				31075F5823B0D47F00285780 /* Release */,
			);
			defaultConfigurationIsVisible = 0;
			defaultConfigurationName = Release;
		};
		31075F5923B0D47F00285780 /* Build configuration list for PBXNativeTarget "TableView1" */ = {
			isa = XCConfigurationList;
			buildConfigurations = (
				31075F5A23B0D47F00285780 /* Debug */,
				31075F5B23B0D47F00285780 /* Release */,
			);
			defaultConfigurationIsVisible = 0;
			defaultConfigurationName = Release;
		};
		31075F5C23B0D47F00285780 /* Build configuration list for PBXNativeTarget "TableView1Tests" */ = {
			isa = XCConfigurationList;
			buildConfigurations = (
				31075F5D23B0D47F00285780 /* Debug */,
				31075F5E23B0D47F00285780 /* Release */,
			);
			defaultConfigurationIsVisible = 0;
			defaultConfigurationName = Release;
		};
		31075F5F23B0D47F00285780 /* Build configuration list for PBXNativeTarget "TableView1UITests" */ = {
			isa = XCConfigurationList;
			buildConfigurations = (
				31075F6023B0D47F00285780 /* Debug */,
				31075F6123B0D47F00285780 /* Release */,
			);
			defaultConfigurationIsVisible = 0;
			defaultConfigurationName = Release;
		};
/* End XCConfigurationList section */

/* Begin XCVersionGroup section */
		31075F3823B0D47D00285780 /* TableView1.xcdatamodeld */ = {
			isa = XCVersionGroup;
			children = (
				31075F3923B0D47D00285780 /* TableView1.xcdatamodel */,
			);
			currentVersion = 31075F3923B0D47D00285780 /* TableView1.xcdatamodel */;
			path = TableView1.xcdatamodeld;
			sourceTree = "<group>";
			versionGroupType = wrapper.xcdatamodel;
		};
/* End XCVersionGroup section */
	};
	rootObject = 31075F2423B0D47D00285780 /* Project object */;
}
