PODS:
  - IQKeyboardManagerSwift (6.3.0)
  - TextFieldEffects (1.5.1)

DEPENDENCIES:
  - IQKeyboardManagerSwift (= 6.3.0)
  - TextFieldEffects (= 1.5.1)

SPEC REPOS:
  trunk:
    - IQKeyboardManagerSwift
    - TextFieldEffects

SPEC CHECKSUMS:
  IQKeyboardManagerSwift: a8228c257614af98743b4cd8584637025f36358f
  TextFieldEffects: 7d372f58aeaf9acd9626bbf962680aef926b085d

PODFILE CHECKSUM: 58e7143b0fe410391425bea99666dcc3c6789e94

COCOAPODS: 1.8.4
